
Microsoft Visual Studio Solution File, Format Version 12.00
# Visual Studio 2012
Project("{FAE04EC0-301F-11D3-BF4B-00C04F79EFBC}") = "AysncOAuth.Evernote.Simple.SampleMVC", "AysncOAuth.Evernote.Simple.SampleMVC\AysncOAuth.Evernote.Simple.SampleMVC.csproj", "{A572BA88-A3E0-4922-8ADF-E77DBA06F5A4}"
EndProject
Project("{FAE04EC0-301F-11D3-BF4B-00C04F79EFBC}") = "AsyncOAuth.Evernote.Simple", "AsyncOAuth.Evernote.Simple\AsyncOAuth.Evernote.Simple.csproj", "{682ED782-0FD3-44B8-861A-39E601EF9FC3}"
EndProject
Project("{2150E333-8FDC-42A3-9474-1A3956D46DE8}") = ".nuget", ".nuget", "{C97CE2ED-93C3-486D-8E11-831EC2F36750}"
	ProjectSection(SolutionItems) = preProject
		.nuget\packages.config = .nuget\packages.config
	EndProjectSection
EndProject
Global
	GlobalSection(SolutionConfigurationPlatforms) = preSolution
		Debug|Any CPU = Debug|Any CPU
		Release|Any CPU = Release|Any CPU
	EndGlobalSection
	GlobalSection(ProjectConfigurationPlatforms) = postSolution
		{A572BA88-A3E0-4922-8ADF-E77DBA06F5A4}.Debug|Any CPU.ActiveCfg = Debug|Any CPU
		{A572BA88-A3E0-4922-8ADF-E77DBA06F5A4}.Debug|Any CPU.Build.0 = Debug|Any CPU
		{A572BA88-A3E0-4922-8ADF-E77DBA06F5A4}.Release|Any CPU.ActiveCfg = Release|Any CPU
		{A572BA88-A3E0-4922-8ADF-E77DBA06F5A4}.Release|Any CPU.Build.0 = Release|Any CPU
		{682ED782-0FD3-44B8-861A-39E601EF9FC3}.Debug|Any CPU.ActiveCfg = Debug|Any CPU
		{682ED782-0FD3-44B8-861A-39E601EF9FC3}.Debug|Any CPU.Build.0 = Debug|Any CPU
		{682ED782-0FD3-44B8-861A-39E601EF9FC3}.Release|Any CPU.ActiveCfg = Release|Any CPU
		{682ED782-0FD3-44B8-861A-39E601EF9FC3}.Release|Any CPU.Build.0 = Release|Any CPU
	EndGlobalSection
	GlobalSection(SolutionProperties) = preSolution
		HideSolutionNode = FALSE
	EndGlobalSection
EndGlobal
